
Microsoft Visual Studio Solution File, Format Version 12.00
Project("{2150E333-8FDC-42A3-9474-1A3956D46DE8}") = "Services", "Services", "{C247E2CE-9833-4A7B-B4E8-0D48DEB9D608}"
EndProject
Project("{2150E333-8FDC-42A3-9474-1A3956D46DE8}") = "Shared", "Shared", "{DB0BAED1-0CD1-4596-8643-C6BF6AFE9D66}"
EndProject
Project("{2150E333-8FDC-42A3-9474-1A3956D46DE8}") = "API", "API", "{9564BFF1-DCFC-4E77-AB70-DA9933CA17B5}"
EndProject
Project("{FAE04EC0-301F-11D3-BF4B-00C04F79EFBC}") = "SendMessageService", "SendMessageService\SendMessageService.csproj", "{B634B012-90A3-41CA-AF26-10883806A1D4}"
EndProject
Global
	GlobalSection(SolutionConfigurationPlatforms) = preSolution
		Debug|Any CPU = Debug|Any CPU
		Release|Any CPU = Release|Any CPU
	EndGlobalSection
	GlobalSection(NestedProjects) = preSolution
		{B634B012-90A3-41CA-AF26-10883806A1D4} = {C247E2CE-9833-4A7B-B4E8-0D48DEB9D608}
	EndGlobalSection
	GlobalSection(ProjectConfigurationPlatforms) = postSolution
		{B634B012-90A3-41CA-AF26-10883806A1D4}.Debug|Any CPU.ActiveCfg = Debug|Any CPU
		{B634B012-90A3-41CA-AF26-10883806A1D4}.Debug|Any CPU.Build.0 = Debug|Any CPU
		{B634B012-90A3-41CA-AF26-10883806A1D4}.Release|Any CPU.ActiveCfg = Release|Any CPU
		{B634B012-90A3-41CA-AF26-10883806A1D4}.Release|Any CPU.Build.0 = Release|Any CPU
	EndGlobalSection
EndGlobal
